
Microsoft Visual Studio Solution File, Format Version 12.00
Project("{FAE04EC0-301F-11D3-BF4B-00C04F79EFBC}") = "UralHiking", "UralHiking\UralHiking.csproj", "{02C8F8E9-00D3-4D2E-AFC9-59B60FBA3A76}"
EndProject
Global
	GlobalSection(SolutionConfigurationPlatforms) = preSolution
		Debug|Any CPU = Debug|Any CPU
		Release|Any CPU = Release|Any CPU
	EndGlobalSection
	GlobalSection(ProjectConfigurationPlatforms) = postSolution
		{02C8F8E9-00D3-4D2E-AFC9-59B60FBA3A76}.Debug|Any CPU.ActiveCfg = Debug|Any CPU
		{02C8F8E9-00D3-4D2E-AFC9-59B60FBA3A76}.Debug|Any CPU.Build.0 = Debug|Any CPU
		{02C8F8E9-00D3-4D2E-AFC9-59B60FBA3A76}.Release|Any CPU.ActiveCfg = Release|Any CPU
		{02C8F8E9-00D3-4D2E-AFC9-59B60FBA3A76}.Release|Any CPU.Build.0 = Release|Any CPU
	EndGlobalSection
EndGlobal
